<?xml version="1.0" encoding="utf-8"?>
<Project ToolsVersion="17.0" xmlns="http://schemas.microsoft.com/developer/msbuild/2003">
  <ItemGroup>
    <ClCompile Include="D:\C_C++\EmbeddedBuildsystem\src\add.cpp">
      <Filter>Source Files</Filter>
    </ClCompile>
    <ClCompile Include="D:\C_C++\EmbeddedBuildsystem\src\sub.cpp">
      <Filter>Source Files</Filter>
    </ClCompile>
    <ClCompile Include="D:\C_C++\EmbeddedBuildsystem\src\mul.cpp">
      <Filter>Source Files</Filter>
    </ClCompile>
    <ClCompile Include="D:\C_C++\EmbeddedBuildsystem\src\div.cpp">
      <Filter>Source Files</Filter>
    </ClCompile>
  </ItemGroup>
  <ItemGroup>
    <CustomBuild Include="D:\C_C++\EmbeddedBuildsystem\CMakeLists.txt" />
  </ItemGroup>
  <ItemGroup>
    <Filter Include="Source Files">
      <UniqueIdentifier>{C6E34096-9D06-3F64-A57E-19A3841051A2}</UniqueIdentifier>
    </Filter>
  </ItemGroup>
</Project>
